
Microsoft Visual Studio Solution File, Format Version 12.00
# Visual Studio Version 17
VisualStudioVersion = 17.10.35013.160
MinimumVisualStudioVersion = 10.0.40219.1
Project("{FAE04EC0-301F-11D3-BF4B-00C04F79EFBC}") = "WebApplication1", "WebApplication1.csproj", "{1603D4DD-ED5F-4C9F-9FE9-8391C5D97686}"
EndProject
Global
	GlobalSection(SolutionConfigurationPlatforms) = preSolution
		Debug|Any CPU = Debug|Any CPU
		Release|Any CPU = Release|Any CPU
	EndGlobalSection
	GlobalSection(ProjectConfigurationPlatforms) = postSolution
		{1603D4DD-ED5F-4C9F-9FE9-8391C5D97686}.Debug|Any CPU.ActiveCfg = Debug|Any CPU
		{1603D4DD-ED5F-4C9F-9FE9-8391C5D97686}.Debug|Any CPU.Build.0 = Debug|Any CPU
		{1603D4DD-ED5F-4C9F-9FE9-8391C5D97686}.Release|Any CPU.ActiveCfg = Release|Any CPU
		{1603D4DD-ED5F-4C9F-9FE9-8391C5D97686}.Release|Any CPU.Build.0 = Release|Any CPU
	EndGlobalSection
	GlobalSection(SolutionProperties) = preSolution
		HideSolutionNode = FALSE
	EndGlobalSection
	GlobalSection(ExtensibilityGlobals) = postSolution
		SolutionGuid = {66C5369A-4B4B-4344-B56D-4D71A2D22C59}
	EndGlobalSection
EndGlobal
